
Microsoft Visual Studio Solution File, Format Version 12.00
# Visual Studio Version 17
VisualStudioVersion = 17.3.32901.215
MinimumVisualStudioVersion = 10.0.40219.1
Project("{8BC9CEB8-8B4A-11D0-8D11-00A0C91BC942}") = "In one step away from happyness", "In one step away from happyness\In one step away from happyness.vcxproj", "{FCBA7E71-E222-434E-857B-A717FE0C01CF}"
EndProject
Global
	GlobalSection(SolutionConfigurationPlatforms) = preSolution
		Debug|x64 = Debug|x64
		Debug|x86 = Debug|x86
		Release|x64 = Release|x64
		Release|x86 = Release|x86
	EndGlobalSection
	GlobalSection(ProjectConfigurationPlatforms) = postSolution
		{FCBA7E71-E222-434E-857B-A717FE0C01CF}.Debug|x64.ActiveCfg = Debug|x64
		{FCBA7E71-E222-434E-857B-A717FE0C01CF}.Debug|x64.Build.0 = Debug|x64
		{FCBA7E71-E222-434E-857B-A717FE0C01CF}.Debug|x86.ActiveCfg = Debug|Win32
		{FCBA7E71-E222-434E-857B-A717FE0C01CF}.Debug|x86.Build.0 = Debug|Win32
		{FCBA7E71-E222-434E-857B-A717FE0C01CF}.Release|x64.ActiveCfg = Release|x64
		{FCBA7E71-E222-434E-857B-A717FE0C01CF}.Release|x64.Build.0 = Release|x64
		{FCBA7E71-E222-434E-857B-A717FE0C01CF}.Release|x86.ActiveCfg = Release|Win32
		{FCBA7E71-E222-434E-857B-A717FE0C01CF}.Release|x86.Build.0 = Release|Win32
	EndGlobalSection
	GlobalSection(SolutionProperties) = preSolution
		HideSolutionNode = FALSE
	EndGlobalSection
	GlobalSection(ExtensibilityGlobals) = postSolution
		SolutionGuid = {8B16BC33-49E3-4FCC-8B27-DB5A8E0CAD2D}
	EndGlobalSection
EndGlobal
