
Microsoft Visual Studio Solution File, Format Version 12.00
# Visual Studio Version 17
VisualStudioVersion = 17.3.32929.385
MinimumVisualStudioVersion = 10.0.40219.1
Project("{8BC9CEB8-8B4A-11D0-8D11-00A0C91BC942}") = "1603 Эрудит", "1603 Эрудит\1603 Эрудит.vcxproj", "{13D3D9A0-8076-4267-BA7B-8E3E43A6726B}"
EndProject
Global
	GlobalSection(SolutionConfigurationPlatforms) = preSolution
		Debug|x64 = Debug|x64
		Debug|x86 = Debug|x86
		Release|x64 = Release|x64
		Release|x86 = Release|x86
	EndGlobalSection
	GlobalSection(ProjectConfigurationPlatforms) = postSolution
		{13D3D9A0-8076-4267-BA7B-8E3E43A6726B}.Debug|x64.ActiveCfg = Debug|x64
		{13D3D9A0-8076-4267-BA7B-8E3E43A6726B}.Debug|x64.Build.0 = Debug|x64
		{13D3D9A0-8076-4267-BA7B-8E3E43A6726B}.Debug|x86.ActiveCfg = Debug|Win32
		{13D3D9A0-8076-4267-BA7B-8E3E43A6726B}.Debug|x86.Build.0 = Debug|Win32
		{13D3D9A0-8076-4267-BA7B-8E3E43A6726B}.Release|x64.ActiveCfg = Release|x64
		{13D3D9A0-8076-4267-BA7B-8E3E43A6726B}.Release|x64.Build.0 = Release|x64
		{13D3D9A0-8076-4267-BA7B-8E3E43A6726B}.Release|x86.ActiveCfg = Release|Win32
		{13D3D9A0-8076-4267-BA7B-8E3E43A6726B}.Release|x86.Build.0 = Release|Win32
	EndGlobalSection
	GlobalSection(SolutionProperties) = preSolution
		HideSolutionNode = FALSE
	EndGlobalSection
	GlobalSection(ExtensibilityGlobals) = postSolution
		SolutionGuid = {AD3D9F5C-21E6-422E-9066-1F040403F789}
	EndGlobalSection
EndGlobal
