
Microsoft Visual Studio Solution File, Format Version 12.00
# Visual Studio Version 17
VisualStudioVersion = 17.4.33122.133
MinimumVisualStudioVersion = 10.0.40219.1
Project("{8BC9CEB8-8B4A-11D0-8D11-00A0C91BC942}") = "sort", "sort\sort.vcxproj", "{E2883E2E-004C-47CC-80C3-3C0B04B2F2A9}"
EndProject
Global
	GlobalSection(SolutionConfigurationPlatforms) = preSolution
		Debug|x64 = Debug|x64
		Debug|x86 = Debug|x86
		Release|x64 = Release|x64
		Release|x86 = Release|x86
	EndGlobalSection
	GlobalSection(ProjectConfigurationPlatforms) = postSolution
		{E2883E2E-004C-47CC-80C3-3C0B04B2F2A9}.Debug|x64.ActiveCfg = Debug|x64
		{E2883E2E-004C-47CC-80C3-3C0B04B2F2A9}.Debug|x64.Build.0 = Debug|x64
		{E2883E2E-004C-47CC-80C3-3C0B04B2F2A9}.Debug|x86.ActiveCfg = Debug|Win32
		{E2883E2E-004C-47CC-80C3-3C0B04B2F2A9}.Debug|x86.Build.0 = Debug|Win32
		{E2883E2E-004C-47CC-80C3-3C0B04B2F2A9}.Release|x64.ActiveCfg = Release|x64
		{E2883E2E-004C-47CC-80C3-3C0B04B2F2A9}.Release|x64.Build.0 = Release|x64
		{E2883E2E-004C-47CC-80C3-3C0B04B2F2A9}.Release|x86.ActiveCfg = Release|Win32
		{E2883E2E-004C-47CC-80C3-3C0B04B2F2A9}.Release|x86.Build.0 = Release|Win32
	EndGlobalSection
	GlobalSection(SolutionProperties) = preSolution
		HideSolutionNode = FALSE
	EndGlobalSection
	GlobalSection(ExtensibilityGlobals) = postSolution
		SolutionGuid = {9880A4A7-70AF-4C63-94BB-D94B2B0742F2}
	EndGlobalSection
EndGlobal
