
Microsoft Visual Studio Solution File, Format Version 12.00
# Visual Studio Version 17
VisualStudioVersion = 17.3.32901.215
MinimumVisualStudioVersion = 10.0.40219.1
Project("{8BC9CEB8-8B4A-11D0-8D11-00A0C91BC942}") = "Hotel", "Hotel\Hotel.vcxproj", "{6B053E31-4B5A-4BC5-9028-AC41764F64EE}"
EndProject
Global
	GlobalSection(SolutionConfigurationPlatforms) = preSolution
		Debug|x64 = Debug|x64
		Debug|x86 = Debug|x86
		Release|x64 = Release|x64
		Release|x86 = Release|x86
	EndGlobalSection
	GlobalSection(ProjectConfigurationPlatforms) = postSolution
		{6B053E31-4B5A-4BC5-9028-AC41764F64EE}.Debug|x64.ActiveCfg = Debug|x64
		{6B053E31-4B5A-4BC5-9028-AC41764F64EE}.Debug|x64.Build.0 = Debug|x64
		{6B053E31-4B5A-4BC5-9028-AC41764F64EE}.Debug|x86.ActiveCfg = Debug|Win32
		{6B053E31-4B5A-4BC5-9028-AC41764F64EE}.Debug|x86.Build.0 = Debug|Win32
		{6B053E31-4B5A-4BC5-9028-AC41764F64EE}.Release|x64.ActiveCfg = Release|x64
		{6B053E31-4B5A-4BC5-9028-AC41764F64EE}.Release|x64.Build.0 = Release|x64
		{6B053E31-4B5A-4BC5-9028-AC41764F64EE}.Release|x86.ActiveCfg = Release|Win32
		{6B053E31-4B5A-4BC5-9028-AC41764F64EE}.Release|x86.Build.0 = Release|Win32
	EndGlobalSection
	GlobalSection(SolutionProperties) = preSolution
		HideSolutionNode = FALSE
	EndGlobalSection
	GlobalSection(ExtensibilityGlobals) = postSolution
		SolutionGuid = {60679F63-CB1E-4CE9-920F-EC148F4DC2C4}
	EndGlobalSection
EndGlobal
